
Microsoft Visual Studio Solution File, Format Version 12.00
# Visual Studio Version 17
VisualStudioVersion = 17.9.34616.47
MinimumVisualStudioVersion = 10.0.40219.1
Project("{9A19103F-16F7-4668-BE54-9A1E7A4F7556}") = "MontyHall", "MontyHall\MontyHall.csproj", "{A176B926-BDD5-49E5-87BE-2A912531936D}"
EndProject
Project("{9A19103F-16F7-4668-BE54-9A1E7A4F7556}") = "Vaekkeur", "Vaekkeur\Vaekkeur.csproj", "{C84F2C75-A930-434F-912B-C08E7F4547F4}"
EndProject
Project("{9A19103F-16F7-4668-BE54-9A1E7A4F7556}") = "ArrayToList", "ArrayToList\ArrayToList.csproj", "{E70A1F8E-A8B3-435F-BEBA-57E952801488}"
EndProject
Project("{9A19103F-16F7-4668-BE54-9A1E7A4F7556}") = "ExceptionHandling", "ExceptionHandling\ExceptionHandling.csproj", "{AC55E74F-0DA0-4E01-B186-91877E6D2CC9}"
EndProject
Project("{9A19103F-16F7-4668-BE54-9A1E7A4F7556}") = "OOP-intro", "OOP-intro\OOP-intro.csproj", "{7A91A607-65C7-482F-80DC-10C761888A71}"
EndProject
Project("{9A19103F-16F7-4668-BE54-9A1E7A4F7556}") = "KryssAndBall", "KryssAndBall\KryssAndBall.csproj", "{66F961E9-0C71-47D8-9AFD-3A8D846A1214}"
EndProject
Project("{2150E333-8FDC-42A3-9474-1A3956D46DE8}") = "TicTacToe", "TicTacToe", "{D4D5F5CB-4DDD-4DA7-AEE3-4F1AB550A04C}"
EndProject
Project("{9A19103F-16F7-4668-BE54-9A1E7A4F7556}") = "TestTicTacToe", "TestTicTacToe\TestTicTacToe.csproj", "{B276086E-D0CE-4ED3-84A4-D12D7161B0BB}"
EndProject
Project("{FAE04EC0-301F-11D3-BF4B-00C04F79EFBC}") = "Fodbold", "Fodbold\Fodbold.csproj", "{6D48CF25-1F82-4A89-874F-53A6828640CC}"
EndProject
Project("{E53339B2-1760-4266-BCC7-CA923CBCF16C}") = "docker-compose", "docker-compose.dcproj", "{30573438-7DFC-423E-8CAB-7AE3BBEE068E}"
EndProject
Project("{FAE04EC0-301F-11D3-BF4B-00C04F79EFBC}") = "UnitTests", "UnitTests\UnitTests.csproj", "{FA633919-0E92-4429-AD0C-D5F24078DE1C}"
EndProject
Global
	GlobalSection(SolutionConfigurationPlatforms) = preSolution
		Debug|Any CPU = Debug|Any CPU
		Release|Any CPU = Release|Any CPU
	EndGlobalSection
	GlobalSection(ProjectConfigurationPlatforms) = postSolution
		{A176B926-BDD5-49E5-87BE-2A912531936D}.Debug|Any CPU.ActiveCfg = Debug|Any CPU
		{A176B926-BDD5-49E5-87BE-2A912531936D}.Debug|Any CPU.Build.0 = Debug|Any CPU
		{A176B926-BDD5-49E5-87BE-2A912531936D}.Release|Any CPU.ActiveCfg = Release|Any CPU
		{A176B926-BDD5-49E5-87BE-2A912531936D}.Release|Any CPU.Build.0 = Release|Any CPU
		{C84F2C75-A930-434F-912B-C08E7F4547F4}.Debug|Any CPU.ActiveCfg = Debug|Any CPU
		{C84F2C75-A930-434F-912B-C08E7F4547F4}.Debug|Any CPU.Build.0 = Debug|Any CPU
		{C84F2C75-A930-434F-912B-C08E7F4547F4}.Release|Any CPU.ActiveCfg = Release|Any CPU
		{C84F2C75-A930-434F-912B-C08E7F4547F4}.Release|Any CPU.Build.0 = Release|Any CPU
		{E70A1F8E-A8B3-435F-BEBA-57E952801488}.Debug|Any CPU.ActiveCfg = Debug|Any CPU
		{E70A1F8E-A8B3-435F-BEBA-57E952801488}.Debug|Any CPU.Build.0 = Debug|Any CPU
		{E70A1F8E-A8B3-435F-BEBA-57E952801488}.Release|Any CPU.ActiveCfg = Release|Any CPU
		{E70A1F8E-A8B3-435F-BEBA-57E952801488}.Release|Any CPU.Build.0 = Release|Any CPU
		{AC55E74F-0DA0-4E01-B186-91877E6D2CC9}.Debug|Any CPU.ActiveCfg = Debug|Any CPU
		{AC55E74F-0DA0-4E01-B186-91877E6D2CC9}.Debug|Any CPU.Build.0 = Debug|Any CPU
		{AC55E74F-0DA0-4E01-B186-91877E6D2CC9}.Release|Any CPU.ActiveCfg = Release|Any CPU
		{AC55E74F-0DA0-4E01-B186-91877E6D2CC9}.Release|Any CPU.Build.0 = Release|Any CPU
		{7A91A607-65C7-482F-80DC-10C761888A71}.Debug|Any CPU.ActiveCfg = Debug|Any CPU
		{7A91A607-65C7-482F-80DC-10C761888A71}.Debug|Any CPU.Build.0 = Debug|Any CPU
		{7A91A607-65C7-482F-80DC-10C761888A71}.Release|Any CPU.ActiveCfg = Release|Any CPU
		{7A91A607-65C7-482F-80DC-10C761888A71}.Release|Any CPU.Build.0 = Release|Any CPU
		{66F961E9-0C71-47D8-9AFD-3A8D846A1214}.Debug|Any CPU.ActiveCfg = Debug|Any CPU
		{66F961E9-0C71-47D8-9AFD-3A8D846A1214}.Debug|Any CPU.Build.0 = Debug|Any CPU
		{66F961E9-0C71-47D8-9AFD-3A8D846A1214}.Release|Any CPU.ActiveCfg = Release|Any CPU
		{66F961E9-0C71-47D8-9AFD-3A8D846A1214}.Release|Any CPU.Build.0 = Release|Any CPU
		{B276086E-D0CE-4ED3-84A4-D12D7161B0BB}.Debug|Any CPU.ActiveCfg = Debug|Any CPU
		{B276086E-D0CE-4ED3-84A4-D12D7161B0BB}.Debug|Any CPU.Build.0 = Debug|Any CPU
		{B276086E-D0CE-4ED3-84A4-D12D7161B0BB}.Release|Any CPU.ActiveCfg = Release|Any CPU
		{B276086E-D0CE-4ED3-84A4-D12D7161B0BB}.Release|Any CPU.Build.0 = Release|Any CPU
		{6D48CF25-1F82-4A89-874F-53A6828640CC}.Debug|Any CPU.ActiveCfg = Debug|Any CPU
		{6D48CF25-1F82-4A89-874F-53A6828640CC}.Debug|Any CPU.Build.0 = Debug|Any CPU
		{6D48CF25-1F82-4A89-874F-53A6828640CC}.Release|Any CPU.ActiveCfg = Release|Any CPU
		{6D48CF25-1F82-4A89-874F-53A6828640CC}.Release|Any CPU.Build.0 = Release|Any CPU
		{30573438-7DFC-423E-8CAB-7AE3BBEE068E}.Debug|Any CPU.ActiveCfg = Debug|Any CPU
		{30573438-7DFC-423E-8CAB-7AE3BBEE068E}.Debug|Any CPU.Build.0 = Debug|Any CPU
		{30573438-7DFC-423E-8CAB-7AE3BBEE068E}.Release|Any CPU.ActiveCfg = Release|Any CPU
		{30573438-7DFC-423E-8CAB-7AE3BBEE068E}.Release|Any CPU.Build.0 = Release|Any CPU
		{FA633919-0E92-4429-AD0C-D5F24078DE1C}.Debug|Any CPU.ActiveCfg = Debug|Any CPU
		{FA633919-0E92-4429-AD0C-D5F24078DE1C}.Debug|Any CPU.Build.0 = Debug|Any CPU
		{FA633919-0E92-4429-AD0C-D5F24078DE1C}.Release|Any CPU.ActiveCfg = Release|Any CPU
		{FA633919-0E92-4429-AD0C-D5F24078DE1C}.Release|Any CPU.Build.0 = Release|Any CPU
	EndGlobalSection
	GlobalSection(SolutionProperties) = preSolution
		HideSolutionNode = FALSE
	EndGlobalSection
	GlobalSection(NestedProjects) = preSolution
		{66F961E9-0C71-47D8-9AFD-3A8D846A1214} = {D4D5F5CB-4DDD-4DA7-AEE3-4F1AB550A04C}
		{B276086E-D0CE-4ED3-84A4-D12D7161B0BB} = {D4D5F5CB-4DDD-4DA7-AEE3-4F1AB550A04C}
	EndGlobalSection
	GlobalSection(ExtensibilityGlobals) = postSolution
		SolutionGuid = {4D86C315-0F41-4704-889B-C2134CC84AAB}
	EndGlobalSection
EndGlobal
